
Microsoft Visual Studio Solution File, Format Version 12.00
# Visual Studio Version 17
VisualStudioVersion = 17.7.34202.233
MinimumVisualStudioVersion = 10.0.40219.1
Project("{9A19103F-16F7-4668-BE54-9A1E7A4F7556}") = "PizzaOrderingSystem", "PizzaOrderingSystem\PizzaOrderingSystem.csproj", "{C25BEDE7-F236-47AE-95AD-264BC2ACC05D}"
EndProject
Project("{9A19103F-16F7-4668-BE54-9A1E7A4F7556}") = "PizzaOrderingSystem.DataAccess", "PizzaOrderingSystem.DataAccess\PizzaOrderingSystem.DataAccess.csproj", "{0B2807F9-E52A-4367-AAAD-E83738F46835}"
EndProject
Project("{9A19103F-16F7-4668-BE54-9A1E7A4F7556}") = "PizzaOrderingSystem.DTO", "PizzaOrderingSystem.DTO\PizzaOrderingSystem.DTO.csproj", "{7A036854-C021-463A-BC27-6C14D381DA4F}"
EndProject
Project("{FAE04EC0-301F-11D3-BF4B-00C04F79EFBC}") = "PizzaOrderingSystem.Utils", "PizzaOrderingSystem.Utils\PizzaOrderingSystem.Utils.csproj", "{14C9C10A-5D1D-4802-86CA-FE50BBE3640F}"
EndProject
Global
	GlobalSection(SolutionConfigurationPlatforms) = preSolution
		Debug|Any CPU = Debug|Any CPU
		Release|Any CPU = Release|Any CPU
	EndGlobalSection
	GlobalSection(ProjectConfigurationPlatforms) = postSolution
		{C25BEDE7-F236-47AE-95AD-264BC2ACC05D}.Debug|Any CPU.ActiveCfg = Debug|Any CPU
		{C25BEDE7-F236-47AE-95AD-264BC2ACC05D}.Debug|Any CPU.Build.0 = Debug|Any CPU
		{C25BEDE7-F236-47AE-95AD-264BC2ACC05D}.Release|Any CPU.ActiveCfg = Release|Any CPU
		{C25BEDE7-F236-47AE-95AD-264BC2ACC05D}.Release|Any CPU.Build.0 = Release|Any CPU
		{0B2807F9-E52A-4367-AAAD-E83738F46835}.Debug|Any CPU.ActiveCfg = Debug|Any CPU
		{0B2807F9-E52A-4367-AAAD-E83738F46835}.Debug|Any CPU.Build.0 = Debug|Any CPU
		{0B2807F9-E52A-4367-AAAD-E83738F46835}.Release|Any CPU.ActiveCfg = Release|Any CPU
		{0B2807F9-E52A-4367-AAAD-E83738F46835}.Release|Any CPU.Build.0 = Release|Any CPU
		{7A036854-C021-463A-BC27-6C14D381DA4F}.Debug|Any CPU.ActiveCfg = Debug|Any CPU
		{7A036854-C021-463A-BC27-6C14D381DA4F}.Debug|Any CPU.Build.0 = Debug|Any CPU
		{7A036854-C021-463A-BC27-6C14D381DA4F}.Release|Any CPU.ActiveCfg = Release|Any CPU
		{7A036854-C021-463A-BC27-6C14D381DA4F}.Release|Any CPU.Build.0 = Release|Any CPU
		{14C9C10A-5D1D-4802-86CA-FE50BBE3640F}.Debug|Any CPU.ActiveCfg = Debug|Any CPU
		{14C9C10A-5D1D-4802-86CA-FE50BBE3640F}.Debug|Any CPU.Build.0 = Debug|Any CPU
		{14C9C10A-5D1D-4802-86CA-FE50BBE3640F}.Release|Any CPU.ActiveCfg = Release|Any CPU
		{14C9C10A-5D1D-4802-86CA-FE50BBE3640F}.Release|Any CPU.Build.0 = Release|Any CPU
	EndGlobalSection
	GlobalSection(SolutionProperties) = preSolution
		HideSolutionNode = FALSE
	EndGlobalSection
	GlobalSection(ExtensibilityGlobals) = postSolution
		SolutionGuid = {D5F65A7D-3D5A-45EB-A53D-38D43F812C09}
	EndGlobalSection
EndGlobal
